{
  "name": "openagentflow",
  "version": "0.1.3",
  "lockfileVersion": 3,
  "requires": true,
  "packages": {
    "": {
      "name": "openagentflow",
      "version": "0.1.3",
      "license": "MIT",
      "bin": {
        "oaf": "cli/index.js"
      },
      "engines": {
        "node": ">=18.0.0"
      }
    }
  }
}
